
Microsoft Visual Studio Solution File, Format Version 12.00
# Visual Studio 14
VisualStudioVersion = 14.0.23107.0
MinimumVisualStudioVersion = 10.0.40219.1
Project("{FAE04EC0-301F-11D3-BF4B-00C04F79EFBC}") = "AnalyzeMe.Design.Analyzers", "AnalyzeMe\AnalyzeMe.Design.Analyzers\AnalyzeMe.Design.Analyzers.csproj", "{7B8B5578-7204-46E7-AC4F-C6444E7F48E9}"
EndProject
Project("{FAE04EC0-301F-11D3-BF4B-00C04F79EFBC}") = "AnalyzeMe.Tests", "AnalyzeMe\AnalyzeMe.Tests\AnalyzeMe.Tests.csproj", "{0C19C121-57E0-4C0D-ACF9-75BBD12FCA54}"
EndProject
Project("{FAE04EC0-301F-11D3-BF4B-00C04F79EFBC}") = "AnalyzeMe.WorkProcess.Analyzers", "AnalyzeMe\AnalyzeMe.WorkProcess.Analyzers\AnalyzeMe.WorkProcess.Analyzers.csproj", "{7EC66ABB-65DF-4C44-B43F-403302B59654}"
EndProject
Project("{FAE04EC0-301F-11D3-BF4B-00C04F79EFBC}") = "AnalyzeMe.WorkProcess.Host", "AnalyzeMe\AnalyzeMe.WorkProcess.Host\AnalyzeMe.WorkProcess.Host.csproj", "{B16376F3-5E12-4968-A875-882E95F3D988}"
EndProject
Project("{FAE04EC0-301F-11D3-BF4B-00C04F79EFBC}") = "AnalyzeMe.WorkProcess.Tools", "AnalyzeMe\AnalyzeMe.WorkProcess.Tools\AnalyzeMe.WorkProcess.Tools.csproj", "{D329BE0A-8BF6-48C2-9B42-3868D12A3385}"
EndProject
Global
	GlobalSection(SolutionConfigurationPlatforms) = preSolution
		Debug|Any CPU = Debug|Any CPU
		Release|Any CPU = Release|Any CPU
	EndGlobalSection
	GlobalSection(ProjectConfigurationPlatforms) = postSolution
		{7B8B5578-7204-46E7-AC4F-C6444E7F48E9}.Debug|Any CPU.ActiveCfg = Debug|Any CPU
		{7B8B5578-7204-46E7-AC4F-C6444E7F48E9}.Debug|Any CPU.Build.0 = Debug|Any CPU
		{7B8B5578-7204-46E7-AC4F-C6444E7F48E9}.Release|Any CPU.ActiveCfg = Release|Any CPU
		{7B8B5578-7204-46E7-AC4F-C6444E7F48E9}.Release|Any CPU.Build.0 = Release|Any CPU
		{0C19C121-57E0-4C0D-ACF9-75BBD12FCA54}.Debug|Any CPU.ActiveCfg = Debug|Any CPU
		{0C19C121-57E0-4C0D-ACF9-75BBD12FCA54}.Debug|Any CPU.Build.0 = Debug|Any CPU
		{0C19C121-57E0-4C0D-ACF9-75BBD12FCA54}.Release|Any CPU.ActiveCfg = Release|Any CPU
		{0C19C121-57E0-4C0D-ACF9-75BBD12FCA54}.Release|Any CPU.Build.0 = Release|Any CPU
		{7EC66ABB-65DF-4C44-B43F-403302B59654}.Debug|Any CPU.ActiveCfg = Debug|Any CPU
		{7EC66ABB-65DF-4C44-B43F-403302B59654}.Debug|Any CPU.Build.0 = Debug|Any CPU
		{7EC66ABB-65DF-4C44-B43F-403302B59654}.Release|Any CPU.ActiveCfg = Release|Any CPU
		{7EC66ABB-65DF-4C44-B43F-403302B59654}.Release|Any CPU.Build.0 = Release|Any CPU
		{B16376F3-5E12-4968-A875-882E95F3D988}.Debug|Any CPU.ActiveCfg = Debug|Any CPU
		{B16376F3-5E12-4968-A875-882E95F3D988}.Debug|Any CPU.Build.0 = Debug|Any CPU
		{B16376F3-5E12-4968-A875-882E95F3D988}.Release|Any CPU.ActiveCfg = Release|Any CPU
		{B16376F3-5E12-4968-A875-882E95F3D988}.Release|Any CPU.Build.0 = Release|Any CPU
		{D329BE0A-8BF6-48C2-9B42-3868D12A3385}.Debug|Any CPU.ActiveCfg = Debug|Any CPU
		{D329BE0A-8BF6-48C2-9B42-3868D12A3385}.Debug|Any CPU.Build.0 = Debug|Any CPU
		{D329BE0A-8BF6-48C2-9B42-3868D12A3385}.Release|Any CPU.ActiveCfg = Release|Any CPU
		{D329BE0A-8BF6-48C2-9B42-3868D12A3385}.Release|Any CPU.Build.0 = Release|Any CPU
	EndGlobalSection
	GlobalSection(SolutionProperties) = preSolution
		HideSolutionNode = FALSE
	EndGlobalSection
EndGlobal
